
Microsoft Visual Studio Solution File, Format Version 12.00
# Visual Studio Version 17
VisualStudioVersion = 17.10.35201.131
MinimumVisualStudioVersion = 10.0.40219.1
Project("{9A19103F-16F7-4668-BE54-9A1E7A4F7556}") = "DeliVeggieApplication", "DeliVeggieApplication\DeliVeggieApplication.csproj", "{BF81ACF9-D955-4337-B799-A3B1FE03AB7E}"
EndProject
Project("{9A19103F-16F7-4668-BE54-9A1E7A4F7556}") = "AcelotGateway", "AcelotGateway\AcelotGateway.csproj", "{110459C7-CF38-4981-8494-D22BB774E079}"
EndProject
Project("{9A19103F-16F7-4668-BE54-9A1E7A4F7556}") = "DeliVeggieApplicationNewTest", "DeliVeggieApplicationNewTest\DeliVeggieApplicationNewTest.csproj", "{B6094DE1-694C-44AF-AEC7-44BBFD5CEB4B}"
EndProject
Global
	GlobalSection(SolutionConfigurationPlatforms) = preSolution
		Debug|Any CPU = Debug|Any CPU
		Release|Any CPU = Release|Any CPU
	EndGlobalSection
	GlobalSection(ProjectConfigurationPlatforms) = postSolution
		{BF81ACF9-D955-4337-B799-A3B1FE03AB7E}.Debug|Any CPU.ActiveCfg = Debug|Any CPU
		{BF81ACF9-D955-4337-B799-A3B1FE03AB7E}.Debug|Any CPU.Build.0 = Debug|Any CPU
		{BF81ACF9-D955-4337-B799-A3B1FE03AB7E}.Release|Any CPU.ActiveCfg = Release|Any CPU
		{BF81ACF9-D955-4337-B799-A3B1FE03AB7E}.Release|Any CPU.Build.0 = Release|Any CPU
		{110459C7-CF38-4981-8494-D22BB774E079}.Debug|Any CPU.ActiveCfg = Debug|Any CPU
		{110459C7-CF38-4981-8494-D22BB774E079}.Debug|Any CPU.Build.0 = Debug|Any CPU
		{110459C7-CF38-4981-8494-D22BB774E079}.Release|Any CPU.ActiveCfg = Release|Any CPU
		{110459C7-CF38-4981-8494-D22BB774E079}.Release|Any CPU.Build.0 = Release|Any CPU
		{B6094DE1-694C-44AF-AEC7-44BBFD5CEB4B}.Debug|Any CPU.ActiveCfg = Debug|Any CPU
		{B6094DE1-694C-44AF-AEC7-44BBFD5CEB4B}.Debug|Any CPU.Build.0 = Debug|Any CPU
		{B6094DE1-694C-44AF-AEC7-44BBFD5CEB4B}.Release|Any CPU.ActiveCfg = Release|Any CPU
		{B6094DE1-694C-44AF-AEC7-44BBFD5CEB4B}.Release|Any CPU.Build.0 = Release|Any CPU
	EndGlobalSection
	GlobalSection(SolutionProperties) = preSolution
		HideSolutionNode = FALSE
	EndGlobalSection
	GlobalSection(ExtensibilityGlobals) = postSolution
		SolutionGuid = {A2E79740-CF8F-4C06-B8CF-1172FE40A3C7}
	EndGlobalSection
EndGlobal
